
Microsoft Visual Studio Solution File, Format Version 12.00
# Visual Studio Version 17
VisualStudioVersion = 17.2.32616.157
MinimumVisualStudioVersion = 10.0.40219.1
Project("{FAE04EC0-301F-11D3-BF4B-00C04F79EFBC}") = "ExcelToJsonConversion", "ExcelToJsonConversion.csproj", "{3FE75136-7B3B-4847-91A8-740C65592E9F}"
EndProject
Global
	GlobalSection(SolutionConfigurationPlatforms) = preSolution
		Debug|Any CPU = Debug|Any CPU
		Release|Any CPU = Release|Any CPU
	EndGlobalSection
	GlobalSection(ProjectConfigurationPlatforms) = postSolution
		{3FE75136-7B3B-4847-91A8-740C65592E9F}.Debug|Any CPU.ActiveCfg = Debug|Any CPU
		{3FE75136-7B3B-4847-91A8-740C65592E9F}.Debug|Any CPU.Build.0 = Debug|Any CPU
		{3FE75136-7B3B-4847-91A8-740C65592E9F}.Release|Any CPU.ActiveCfg = Release|Any CPU
		{3FE75136-7B3B-4847-91A8-740C65592E9F}.Release|Any CPU.Build.0 = Release|Any CPU
	EndGlobalSection
	GlobalSection(SolutionProperties) = preSolution
		HideSolutionNode = FALSE
	EndGlobalSection
	GlobalSection(ExtensibilityGlobals) = postSolution
		SolutionGuid = {DDBC571D-7059-4AED-8A23-06E539F7DBCD}
	EndGlobalSection
EndGlobal
